
Microsoft Visual Studio Solution File, Format Version 12.00
# Visual Studio 15
VisualStudioVersion = 15.0.28010.2041
MinimumVisualStudioVersion = 10.0.40219.1
Project("{FAE04EC0-301F-11D3-BF4B-00C04F79EFBC}") = "Coffe_Application_Q-SKIP", "Coffe_Application_Q-SKIP\Coffe_Application_Q-SKIP.csproj", "{F4F4A089-0C8C-46B6-B421-6C66D8536668}"
EndProject
Project("{FAE04EC0-301F-11D3-BF4B-00C04F79EFBC}") = "DBlibrary", "DBlibrary\DBlibrary.csproj", "{559E454B-8B50-414D-8C3E-4AE0A00C6BA8}"
EndProject
Global
	GlobalSection(SolutionConfigurationPlatforms) = preSolution
		Debug|Any CPU = Debug|Any CPU
		Release|Any CPU = Release|Any CPU
	EndGlobalSection
	GlobalSection(ProjectConfigurationPlatforms) = postSolution
		{F4F4A089-0C8C-46B6-B421-6C66D8536668}.Debug|Any CPU.ActiveCfg = Debug|Any CPU
		{F4F4A089-0C8C-46B6-B421-6C66D8536668}.Debug|Any CPU.Build.0 = Debug|Any CPU
		{F4F4A089-0C8C-46B6-B421-6C66D8536668}.Release|Any CPU.ActiveCfg = Release|Any CPU
		{F4F4A089-0C8C-46B6-B421-6C66D8536668}.Release|Any CPU.Build.0 = Release|Any CPU
		{559E454B-8B50-414D-8C3E-4AE0A00C6BA8}.Debug|Any CPU.ActiveCfg = Debug|Any CPU
		{559E454B-8B50-414D-8C3E-4AE0A00C6BA8}.Debug|Any CPU.Build.0 = Debug|Any CPU
		{559E454B-8B50-414D-8C3E-4AE0A00C6BA8}.Release|Any CPU.ActiveCfg = Release|Any CPU
		{559E454B-8B50-414D-8C3E-4AE0A00C6BA8}.Release|Any CPU.Build.0 = Release|Any CPU
	EndGlobalSection
	GlobalSection(SolutionProperties) = preSolution
		HideSolutionNode = FALSE
	EndGlobalSection
	GlobalSection(ExtensibilityGlobals) = postSolution
		SolutionGuid = {BB6EEA77-953E-4655-A680-100ACA29308A}
	EndGlobalSection
EndGlobal
